{
    "_meta": {
        "hash": {
            "sha256": "48d71f7aaa43466913b8743c569906eba7763496bbb3bb2e6c2c8138d2228073"
        },
        "pipfile-spec": 6,
        "requires": {
            "python_version": "3.9"
        },
        "sources": [
            {
                "name": "pypi",
                "url": "https://pypi.org/simple",
                "verify_ssl": true
            }
        ]
    },
    "default": {
        "chess": {
            "hashes": [
                "sha256:7a7e167454f06c2326f25e099b9d8bca2aa6da20a20a2bb55de640552ca445aa",
                "sha256:966ba6483559dc0f9f3abd6faf2bca2e10550466af423be79a8765639d3dcd33"
            ],
            "index": "pypi",
            "version": "==1.6.1"
        },
        "python-chess": {
            "hashes": [
                "sha256:8cad0388c42242d890ac6368ad64def15cd0165db033df0ad479492e266e5e6c",
                "sha256:93b562f8f1124cb7bf56fb095e18743758e69dc6a028ccda0badcaa5c59d88c8"
            ],
            "index": "pypi",
            "version": "==1.999"
        }
    },
    "develop": {}
}
